
Microsoft Visual Studio Solution File, Format Version 12.00
# Visual Studio Version 17
VisualStudioVersion = 17.4.33110.190
MinimumVisualStudioVersion = 10.0.40219.1
Project("{2150E333-8FDC-42A3-9474-1A3956D46DE8}") = "Services", "Services", "{6F690B2B-0E5B-4786-940D-3BDE5922FCE0}"
EndProject
Project("{2150E333-8FDC-42A3-9474-1A3956D46DE8}") = "Catalog", "Catalog", "{BE04744E-355C-4A4B-8FD5-12AEAF630DCE}"
EndProject
Project("{9A19103F-16F7-4668-BE54-9A1E7A4F7556}") = "CatalogAPI", "Services\Catalog\CatalogAPI\CatalogAPI.csproj", "{839C2872-2F3B-450D-90B2-0CABA70E047D}"
EndProject
Project("{E53339B2-1760-4266-BCC7-CA923CBCF16C}") = "docker-compose", "docker-compose.dcproj", "{000F5F30-3B29-43C8-ABF1-83B141C7E7B3}"
EndProject
Project("{2150E333-8FDC-42A3-9474-1A3956D46DE8}") = "Basket", "Basket", "{BBA60593-C6B9-4AEE-A39F-581AFA7DCFD7}"
EndProject
Project("{9A19103F-16F7-4668-BE54-9A1E7A4F7556}") = "BasketAPI", "Services\Basket\BasketAPI\BasketAPI.csproj", "{CB723E0E-B787-4676-8923-BFE985AA3813}"
EndProject
Project("{2150E333-8FDC-42A3-9474-1A3956D46DE8}") = "Discount", "Discount", "{4AB40DB8-48C0-4F01-BA15-789EAE168CFC}"
EndProject
Project("{9A19103F-16F7-4668-BE54-9A1E7A4F7556}") = "DiscountAPI", "Services\Discount\DiscountAPI\DiscountAPI.csproj", "{957C3C16-9BE7-4BC4-8577-9DDA748B4ACF}"
EndProject
Project("{9A19103F-16F7-4668-BE54-9A1E7A4F7556}") = "DiscountGrpc", "Services\Discount\DiscountGrpc\DiscountGrpc.csproj", "{BD7B0EB3-8F45-4BC4-A939-D81E969E91B7}"
EndProject
Project("{2150E333-8FDC-42A3-9474-1A3956D46DE8}") = "Ordering", "Ordering", "{C3A2FAD5-AC93-4C3C-A4C4-C22056633300}"
EndProject
Project("{FAE04EC0-301F-11D3-BF4B-00C04F79EFBC}") = "OrderingAPI", "Services\Ordering\OrderingAPI\OrderingAPI.csproj", "{83EC4153-1539-4E73-971F-CFA7C1F7B516}"
EndProject
Project("{FAE04EC0-301F-11D3-BF4B-00C04F79EFBC}") = "OrderingDomain", "Services\Ordering\OrderingDomain\OrderingDomain.csproj", "{321577B2-D9B2-4C63-B6E6-67D90E4470E4}"
EndProject
Project("{FAE04EC0-301F-11D3-BF4B-00C04F79EFBC}") = "OrderingApplication", "Services\Ordering\OrderingApplication\OrderingApplication.csproj", "{405D23D3-C6CC-49F8-98F1-425809380B00}"
EndProject
Project("{FAE04EC0-301F-11D3-BF4B-00C04F79EFBC}") = "OrderingInfrastructure", "Services\Ordering\OrderingInfrastructure\OrderingInfrastructure.csproj", "{1C3B1F76-9B2F-49C4-880F-F0E91D88E37F}"
EndProject
Project("{2150E333-8FDC-42A3-9474-1A3956D46DE8}") = "BuildingBlocks", "BuildingBlocks", "{C6F56025-BF50-4564-A904-0C0130F7B0DF}"
EndProject
Project("{FAE04EC0-301F-11D3-BF4B-00C04F79EFBC}") = "EventBus.Messages", "BuildingBlocks\EventBus.Messages\EventBus.Messages.csproj", "{FA28BA08-0C02-4EE7-B793-E410FA10A4A1}"
EndProject
Project("{2150E333-8FDC-42A3-9474-1A3956D46DE8}") = "ApiGateways", "ApiGateways", "{52C19734-281E-4C13-9384-6A71CAC2F482}"
EndProject
Project("{FAE04EC0-301F-11D3-BF4B-00C04F79EFBC}") = "OcelotApiGw", "ApiGateways\OcelotApiGw\OcelotApiGw.csproj", "{07CDBAAC-85FE-426E-95D7-94BD855B837E}"
EndProject
Global
	GlobalSection(SolutionConfigurationPlatforms) = preSolution
		Debug|Any CPU = Debug|Any CPU
		Release|Any CPU = Release|Any CPU
	EndGlobalSection
	GlobalSection(ProjectConfigurationPlatforms) = postSolution
		{839C2872-2F3B-450D-90B2-0CABA70E047D}.Debug|Any CPU.ActiveCfg = Debug|Any CPU
		{839C2872-2F3B-450D-90B2-0CABA70E047D}.Debug|Any CPU.Build.0 = Debug|Any CPU
		{839C2872-2F3B-450D-90B2-0CABA70E047D}.Release|Any CPU.ActiveCfg = Release|Any CPU
		{839C2872-2F3B-450D-90B2-0CABA70E047D}.Release|Any CPU.Build.0 = Release|Any CPU
		{000F5F30-3B29-43C8-ABF1-83B141C7E7B3}.Debug|Any CPU.ActiveCfg = Debug|Any CPU
		{000F5F30-3B29-43C8-ABF1-83B141C7E7B3}.Debug|Any CPU.Build.0 = Debug|Any CPU
		{000F5F30-3B29-43C8-ABF1-83B141C7E7B3}.Release|Any CPU.ActiveCfg = Release|Any CPU
		{000F5F30-3B29-43C8-ABF1-83B141C7E7B3}.Release|Any CPU.Build.0 = Release|Any CPU
		{CB723E0E-B787-4676-8923-BFE985AA3813}.Debug|Any CPU.ActiveCfg = Debug|Any CPU
		{CB723E0E-B787-4676-8923-BFE985AA3813}.Debug|Any CPU.Build.0 = Debug|Any CPU
		{CB723E0E-B787-4676-8923-BFE985AA3813}.Release|Any CPU.ActiveCfg = Release|Any CPU
		{CB723E0E-B787-4676-8923-BFE985AA3813}.Release|Any CPU.Build.0 = Release|Any CPU
		{957C3C16-9BE7-4BC4-8577-9DDA748B4ACF}.Debug|Any CPU.ActiveCfg = Debug|Any CPU
		{957C3C16-9BE7-4BC4-8577-9DDA748B4ACF}.Debug|Any CPU.Build.0 = Debug|Any CPU
		{957C3C16-9BE7-4BC4-8577-9DDA748B4ACF}.Release|Any CPU.ActiveCfg = Release|Any CPU
		{957C3C16-9BE7-4BC4-8577-9DDA748B4ACF}.Release|Any CPU.Build.0 = Release|Any CPU
		{BD7B0EB3-8F45-4BC4-A939-D81E969E91B7}.Debug|Any CPU.ActiveCfg = Debug|Any CPU
		{BD7B0EB3-8F45-4BC4-A939-D81E969E91B7}.Debug|Any CPU.Build.0 = Debug|Any CPU
		{BD7B0EB3-8F45-4BC4-A939-D81E969E91B7}.Release|Any CPU.ActiveCfg = Release|Any CPU
		{BD7B0EB3-8F45-4BC4-A939-D81E969E91B7}.Release|Any CPU.Build.0 = Release|Any CPU
		{83EC4153-1539-4E73-971F-CFA7C1F7B516}.Debug|Any CPU.ActiveCfg = Debug|Any CPU
		{83EC4153-1539-4E73-971F-CFA7C1F7B516}.Debug|Any CPU.Build.0 = Debug|Any CPU
		{83EC4153-1539-4E73-971F-CFA7C1F7B516}.Release|Any CPU.ActiveCfg = Release|Any CPU
		{83EC4153-1539-4E73-971F-CFA7C1F7B516}.Release|Any CPU.Build.0 = Release|Any CPU
		{321577B2-D9B2-4C63-B6E6-67D90E4470E4}.Debug|Any CPU.ActiveCfg = Debug|Any CPU
		{321577B2-D9B2-4C63-B6E6-67D90E4470E4}.Debug|Any CPU.Build.0 = Debug|Any CPU
		{321577B2-D9B2-4C63-B6E6-67D90E4470E4}.Release|Any CPU.ActiveCfg = Release|Any CPU
		{321577B2-D9B2-4C63-B6E6-67D90E4470E4}.Release|Any CPU.Build.0 = Release|Any CPU
		{405D23D3-C6CC-49F8-98F1-425809380B00}.Debug|Any CPU.ActiveCfg = Debug|Any CPU
		{405D23D3-C6CC-49F8-98F1-425809380B00}.Debug|Any CPU.Build.0 = Debug|Any CPU
		{405D23D3-C6CC-49F8-98F1-425809380B00}.Release|Any CPU.ActiveCfg = Release|Any CPU
		{405D23D3-C6CC-49F8-98F1-425809380B00}.Release|Any CPU.Build.0 = Release|Any CPU
		{1C3B1F76-9B2F-49C4-880F-F0E91D88E37F}.Debug|Any CPU.ActiveCfg = Debug|Any CPU
		{1C3B1F76-9B2F-49C4-880F-F0E91D88E37F}.Debug|Any CPU.Build.0 = Debug|Any CPU
		{1C3B1F76-9B2F-49C4-880F-F0E91D88E37F}.Release|Any CPU.ActiveCfg = Release|Any CPU
		{1C3B1F76-9B2F-49C4-880F-F0E91D88E37F}.Release|Any CPU.Build.0 = Release|Any CPU
		{FA28BA08-0C02-4EE7-B793-E410FA10A4A1}.Debug|Any CPU.ActiveCfg = Debug|Any CPU
		{FA28BA08-0C02-4EE7-B793-E410FA10A4A1}.Debug|Any CPU.Build.0 = Debug|Any CPU
		{FA28BA08-0C02-4EE7-B793-E410FA10A4A1}.Release|Any CPU.ActiveCfg = Release|Any CPU
		{FA28BA08-0C02-4EE7-B793-E410FA10A4A1}.Release|Any CPU.Build.0 = Release|Any CPU
		{07CDBAAC-85FE-426E-95D7-94BD855B837E}.Debug|Any CPU.ActiveCfg = Debug|Any CPU
		{07CDBAAC-85FE-426E-95D7-94BD855B837E}.Debug|Any CPU.Build.0 = Debug|Any CPU
		{07CDBAAC-85FE-426E-95D7-94BD855B837E}.Release|Any CPU.ActiveCfg = Release|Any CPU
		{07CDBAAC-85FE-426E-95D7-94BD855B837E}.Release|Any CPU.Build.0 = Release|Any CPU
	EndGlobalSection
	GlobalSection(SolutionProperties) = preSolution
		HideSolutionNode = FALSE
	EndGlobalSection
	GlobalSection(NestedProjects) = preSolution
		{BE04744E-355C-4A4B-8FD5-12AEAF630DCE} = {6F690B2B-0E5B-4786-940D-3BDE5922FCE0}
		{839C2872-2F3B-450D-90B2-0CABA70E047D} = {BE04744E-355C-4A4B-8FD5-12AEAF630DCE}
		{BBA60593-C6B9-4AEE-A39F-581AFA7DCFD7} = {6F690B2B-0E5B-4786-940D-3BDE5922FCE0}
		{CB723E0E-B787-4676-8923-BFE985AA3813} = {BBA60593-C6B9-4AEE-A39F-581AFA7DCFD7}
		{4AB40DB8-48C0-4F01-BA15-789EAE168CFC} = {6F690B2B-0E5B-4786-940D-3BDE5922FCE0}
		{957C3C16-9BE7-4BC4-8577-9DDA748B4ACF} = {4AB40DB8-48C0-4F01-BA15-789EAE168CFC}
		{BD7B0EB3-8F45-4BC4-A939-D81E969E91B7} = {4AB40DB8-48C0-4F01-BA15-789EAE168CFC}
		{C3A2FAD5-AC93-4C3C-A4C4-C22056633300} = {6F690B2B-0E5B-4786-940D-3BDE5922FCE0}
		{83EC4153-1539-4E73-971F-CFA7C1F7B516} = {C3A2FAD5-AC93-4C3C-A4C4-C22056633300}
		{321577B2-D9B2-4C63-B6E6-67D90E4470E4} = {C3A2FAD5-AC93-4C3C-A4C4-C22056633300}
		{405D23D3-C6CC-49F8-98F1-425809380B00} = {C3A2FAD5-AC93-4C3C-A4C4-C22056633300}
		{1C3B1F76-9B2F-49C4-880F-F0E91D88E37F} = {C3A2FAD5-AC93-4C3C-A4C4-C22056633300}
		{FA28BA08-0C02-4EE7-B793-E410FA10A4A1} = {C6F56025-BF50-4564-A904-0C0130F7B0DF}
		{07CDBAAC-85FE-426E-95D7-94BD855B837E} = {52C19734-281E-4C13-9384-6A71CAC2F482}
	EndGlobalSection
	GlobalSection(ExtensibilityGlobals) = postSolution
		SolutionGuid = {00951CC3-2F16-47B3-93D2-044BA00E4F54}
	EndGlobalSection
EndGlobal
